# This file is automatically @generated by Cargo.
# It is not intended for manual editing.
version = 4

[[package]]
name = "autocfg"
version = "1.5.1"
source = "registry+https://github.com/rust-lang/crates.io-index"
checksum = "f2032f911046de80f0a198e0901378627c33f59ea0ac00e363d481118bd70a53"

[[package]]
name = "notation199x"
version = "0.2.0"
source = "registry+https://github.com/rust-lang/crates.io-index"
checksum = "5970f4faa6d0d84216be552ad8d42bb4ff541907753d0688adf772b281ea8fc5"

[[package]]
name = "num-bigint"
version = "0.5.1"
source = "registry+https://github.com/rust-lang/crates.io-index"
checksum = "93e7820bc0a80a0238e650327316f929ba18d5be054b647490a3a6a339f3e7c0"
dependencies = [
 "num-integer",
 "num-traits",
]

[[package]]
name = "num-integer"
version = "0.1.47"
source = "registry+https://github.com/rust-lang/crates.io-index"
checksum = "7ce2d95d4b3734dc35aa2f45e1aa22cd416814592a4f9d9205e11affd5b8e10b"
dependencies = [
 "num-traits",
]

[[package]]
name = "num-traits"
version = "0.2.19"
source = "registry+https://github.com/rust-lang/crates.io-index"
checksum = "071dfc062690e90b734c0b2273ce72ad0ffa95f0c74596bc250dcfd960262841"
dependencies = [
 "autocfg",
]

[[package]]
name = "souther-exact"
version = "0.1.0"
source = "git+https://github.com/souther-lang/souther-runtime-rs?rev=2d779816a0bb7d7d6bb7b40de09f275a40113d16#2d779816a0bb7d7d6bb7b40de09f275a40113d16"
dependencies = [
 "num-bigint",
 "num-integer",
 "num-traits",
]

[[package]]
name = "souther-wasm-runtime"
version = "0.1.0"
dependencies = [
 "notation199x",
 "souther-exact",
]
